
Microsoft Visual Studio Solution File, Format Version 12.00
# Visual Studio Version 17
VisualStudioVersion = 17.3.32819.101
MinimumVisualStudioVersion = 10.0.40219.1
Project("{FAE04EC0-301F-11D3-BF4B-00C04F79EFBC}") = "NovastarTestConsoleAppUsingSDK", "NovastarTestConsoleAppUsingSDK\NovastarTestConsoleAppUsingSDK.csproj", "{B03DFDD8-F1A0-457E-B606-639C1F4E58C0}"
EndProject
Global
	GlobalSection(SolutionConfigurationPlatforms) = preSolution
		Debug|Any CPU = Debug|Any CPU
		Release|Any CPU = Release|Any CPU
	EndGlobalSection
	GlobalSection(ProjectConfigurationPlatforms) = postSolution
		{B03DFDD8-F1A0-457E-B606-639C1F4E58C0}.Debug|Any CPU.ActiveCfg = Debug|Any CPU
		{B03DFDD8-F1A0-457E-B606-639C1F4E58C0}.Debug|Any CPU.Build.0 = Debug|Any CPU
		{B03DFDD8-F1A0-457E-B606-639C1F4E58C0}.Release|Any CPU.ActiveCfg = Release|Any CPU
		{B03DFDD8-F1A0-457E-B606-639C1F4E58C0}.Release|Any CPU.Build.0 = Release|Any CPU
	EndGlobalSection
	GlobalSection(SolutionProperties) = preSolution
		HideSolutionNode = FALSE
	EndGlobalSection
	GlobalSection(ExtensibilityGlobals) = postSolution
		SolutionGuid = {42FAC199-301B-49B1-B531-262D8726BAB4}
	EndGlobalSection
EndGlobal
